
Microsoft Visual Studio Solution File, Format Version 12.00
# Visual Studio Version 17
VisualStudioVersion = 17.8.34525.116
MinimumVisualStudioVersion = 10.0.40219.1
Project("{FAE04EC0-301F-11D3-BF4B-00C04F79EFBC}") = "AppInsightsMetrics", "AppInsightsMetrics\AppInsightsMetrics.csproj", "{5F6C80B2-242B-47B8-96E0-1B601670DCB0}"
EndProject
Global
	GlobalSection(SolutionConfigurationPlatforms) = preSolution
		Debug|Any CPU = Debug|Any CPU
		Release|Any CPU = Release|Any CPU
	EndGlobalSection
	GlobalSection(ProjectConfigurationPlatforms) = postSolution
		{5F6C80B2-242B-47B8-96E0-1B601670DCB0}.Debug|Any CPU.ActiveCfg = Debug|Any CPU
		{5F6C80B2-242B-47B8-96E0-1B601670DCB0}.Debug|Any CPU.Build.0 = Debug|Any CPU
		{5F6C80B2-242B-47B8-96E0-1B601670DCB0}.Release|Any CPU.ActiveCfg = Release|Any CPU
		{5F6C80B2-242B-47B8-96E0-1B601670DCB0}.Release|Any CPU.Build.0 = Release|Any CPU
	EndGlobalSection
	GlobalSection(SolutionProperties) = preSolution
		HideSolutionNode = FALSE
	EndGlobalSection
	GlobalSection(ExtensibilityGlobals) = postSolution
		SolutionGuid = {DC4B2CB0-EE0E-43FD-B035-6095EDBDAB58}
	EndGlobalSection
EndGlobal
